
Microsoft Visual Studio Solution File, Format Version 12.00
# Visual Studio Version 17
VisualStudioVersion = 17.10.35122.118
MinimumVisualStudioVersion = 10.0.40219.1
Project("{9A19103F-16F7-4668-BE54-9A1E7A4F7556}") = "TelegramQueueBot", "TelegramQueueBot\TelegramQueueBot.csproj", "{5B8F4142-99FF-4796-8744-6EB15188EF5D}"
EndProject
Project("{9A19103F-16F7-4668-BE54-9A1E7A4F7556}") = "QueueCore", "..\QueueCore\QueueCore\QueueCore.csproj", "{31383AEE-B173-4680-A11E-D6766E89F8D1}"
EndProject
Global
	GlobalSection(SolutionConfigurationPlatforms) = preSolution
		Debug|Any CPU = Debug|Any CPU
		Release|Any CPU = Release|Any CPU
	EndGlobalSection
	GlobalSection(ProjectConfigurationPlatforms) = postSolution
		{5B8F4142-99FF-4796-8744-6EB15188EF5D}.Debug|Any CPU.ActiveCfg = Debug|Any CPU
		{5B8F4142-99FF-4796-8744-6EB15188EF5D}.Debug|Any CPU.Build.0 = Debug|Any CPU
		{5B8F4142-99FF-4796-8744-6EB15188EF5D}.Release|Any CPU.ActiveCfg = Release|Any CPU
		{5B8F4142-99FF-4796-8744-6EB15188EF5D}.Release|Any CPU.Build.0 = Release|Any CPU
		{31383AEE-B173-4680-A11E-D6766E89F8D1}.Debug|Any CPU.ActiveCfg = Debug|Any CPU
		{31383AEE-B173-4680-A11E-D6766E89F8D1}.Debug|Any CPU.Build.0 = Debug|Any CPU
		{31383AEE-B173-4680-A11E-D6766E89F8D1}.Release|Any CPU.ActiveCfg = Release|Any CPU
		{31383AEE-B173-4680-A11E-D6766E89F8D1}.Release|Any CPU.Build.0 = Release|Any CPU
	EndGlobalSection
	GlobalSection(SolutionProperties) = preSolution
		HideSolutionNode = FALSE
	EndGlobalSection
	GlobalSection(ExtensibilityGlobals) = postSolution
		SolutionGuid = {E05C79D3-AFCE-400B-8568-0BC439728453}
	EndGlobalSection
EndGlobal
